
Microsoft Visual Studio Solution File, Format Version 12.00
# Visual Studio Version 17
VisualStudioVersion = 17.7.34024.191
MinimumVisualStudioVersion = 10.0.40219.1
Project("{FAE04EC0-301F-11D3-BF4B-00C04F79EFBC}") = "RPG", "RPG\RPG.csproj", "{D3101E0F-1E88-4C48-95D7-8EBE7E5FD615}"
EndProject
Project("{FAE04EC0-301F-11D3-BF4B-00C04F79EFBC}") = "Engine", "Engine\Engine.csproj", "{F8D54D89-F904-4ABC-98AA-105FF14429A1}"
EndProject
Global
	GlobalSection(SolutionConfigurationPlatforms) = preSolution
		Debug|Any CPU = Debug|Any CPU
		Release|Any CPU = Release|Any CPU
	EndGlobalSection
	GlobalSection(ProjectConfigurationPlatforms) = postSolution
		{D3101E0F-1E88-4C48-95D7-8EBE7E5FD615}.Debug|Any CPU.ActiveCfg = Debug|Any CPU
		{D3101E0F-1E88-4C48-95D7-8EBE7E5FD615}.Debug|Any CPU.Build.0 = Debug|Any CPU
		{D3101E0F-1E88-4C48-95D7-8EBE7E5FD615}.Release|Any CPU.ActiveCfg = Release|Any CPU
		{D3101E0F-1E88-4C48-95D7-8EBE7E5FD615}.Release|Any CPU.Build.0 = Release|Any CPU
		{F8D54D89-F904-4ABC-98AA-105FF14429A1}.Debug|Any CPU.ActiveCfg = Debug|Any CPU
		{F8D54D89-F904-4ABC-98AA-105FF14429A1}.Debug|Any CPU.Build.0 = Debug|Any CPU
		{F8D54D89-F904-4ABC-98AA-105FF14429A1}.Release|Any CPU.ActiveCfg = Release|Any CPU
		{F8D54D89-F904-4ABC-98AA-105FF14429A1}.Release|Any CPU.Build.0 = Release|Any CPU
	EndGlobalSection
	GlobalSection(SolutionProperties) = preSolution
		HideSolutionNode = FALSE
	EndGlobalSection
	GlobalSection(ExtensibilityGlobals) = postSolution
		SolutionGuid = {6A57BBEB-CA59-4363-BD8E-28C6B0C3CA14}
	EndGlobalSection
EndGlobal
